
Microsoft Visual Studio Solution File, Format Version 12.00
# Visual Studio Version 16
VisualStudioVersion = 16.0.30114.105
MinimumVisualStudioVersion = 10.0.40219.1
Project("{2150E333-8FDC-42A3-9474-1A3956D46DE8}") = "src", "src", "{7F8D1CBB-28CC-45D3-96C3-74D062143A91}"
EndProject
Project("{FAE04EC0-301F-11D3-BF4B-00C04F79EFBC}") = "console", "src\console\console.csproj", "{6A759F9D-ED9D-4266-8E69-92E56E369EBE}"
EndProject
Global
	GlobalSection(SolutionConfigurationPlatforms) = preSolution
		Debug|Any CPU = Debug|Any CPU
		Release|Any CPU = Release|Any CPU
	EndGlobalSection
	GlobalSection(SolutionProperties) = preSolution
		HideSolutionNode = FALSE
	EndGlobalSection
	GlobalSection(ProjectConfigurationPlatforms) = postSolution
		{6A759F9D-ED9D-4266-8E69-92E56E369EBE}.Debug|Any CPU.ActiveCfg = Debug|Any CPU
		{6A759F9D-ED9D-4266-8E69-92E56E369EBE}.Debug|Any CPU.Build.0 = Debug|Any CPU
		{6A759F9D-ED9D-4266-8E69-92E56E369EBE}.Release|Any CPU.ActiveCfg = Release|Any CPU
		{6A759F9D-ED9D-4266-8E69-92E56E369EBE}.Release|Any CPU.Build.0 = Release|Any CPU
	EndGlobalSection
	GlobalSection(NestedProjects) = preSolution
		{6A759F9D-ED9D-4266-8E69-92E56E369EBE} = {7F8D1CBB-28CC-45D3-96C3-74D062143A91}
	EndGlobalSection
EndGlobal
